
Microsoft Visual Studio Solution File, Format Version 12.00
# Visual Studio Version 17
VisualStudioVersion = 17.6.33815.320
MinimumVisualStudioVersion = 10.0.40219.1
Project("{FAE04EC0-301F-11D3-BF4B-00C04F79EFBC}") = "myToDoAppX", "myToDoAppX\myToDoAppX.csproj", "{578DB7F9-3DA1-409D-BEAD-3BA6BF5FFA34}"
EndProject
Global
	GlobalSection(SolutionConfigurationPlatforms) = preSolution
		Debug|Any CPU = Debug|Any CPU
		Release|Any CPU = Release|Any CPU
	EndGlobalSection
	GlobalSection(ProjectConfigurationPlatforms) = postSolution
		{578DB7F9-3DA1-409D-BEAD-3BA6BF5FFA34}.Debug|Any CPU.ActiveCfg = Debug|Any CPU
		{578DB7F9-3DA1-409D-BEAD-3BA6BF5FFA34}.Debug|Any CPU.Build.0 = Debug|Any CPU
		{578DB7F9-3DA1-409D-BEAD-3BA6BF5FFA34}.Release|Any CPU.ActiveCfg = Release|Any CPU
		{578DB7F9-3DA1-409D-BEAD-3BA6BF5FFA34}.Release|Any CPU.Build.0 = Release|Any CPU
	EndGlobalSection
	GlobalSection(SolutionProperties) = preSolution
		HideSolutionNode = FALSE
	EndGlobalSection
	GlobalSection(ExtensibilityGlobals) = postSolution
		SolutionGuid = {882C3DA1-55BF-48F3-9EF3-0BD09637A0DC}
	EndGlobalSection
EndGlobal
